// !$*UTF8*$!
{
	archiveVersion = 1;
	classes = {
	};
	objectVersion = 76;
	objects = {

/* Begin PBXBuildFile section */
		0AF1A0010B0B0B0B0B0B0B02 /* AppleMusicLyricsPanel in Frameworks */ = {isa = PBXBuildFile; productRef = 0AF1A0010B0B0B0B0B0B0B01 /* AppleMusicLyricsPanel */; };
		0DB25079533538D85D98A968 /* ColorfulX in Frameworks */ = {isa = PBXBuildFile; productRef = E5E613E102B0FC5E5F71472F /* ColorfulX */; };
		2184C9F27CF97FD28E82B0A8 /* LyricsXWidgetShared in Frameworks */ = {isa = PBXBuildFile; productRef = 753562E8D796EC165DEE2DEE /* LyricsXWidgetShared */; };
		BB60F3121E889FCD00BA1FD2 /* LyricsXHelper.app in Copy Helper */ = {isa = PBXBuildFile; fileRef = BB60F3011E889A1B00BA1FD2 /* LyricsXHelper.app */; settings = {ATTRIBUTES = (RemoveHeadersOnCopy, ); }; };
		BB6C75E8248B908500804AEB /* TouchBarHelper in Frameworks */ = {isa = PBXBuildFile; productRef = BB6C75E7248B908500804AEB /* TouchBarHelper */; };
		BBA82F0A256AB8620076831F /* Sparkle in Frameworks */ = {isa = PBXBuildFile; productRef = BBA82F09256AB8620076831F /* Sparkle */; };
		BBB03F2D232FB3AF00A3879E /* GenericID in Frameworks */ = {isa = PBXBuildFile; productRef = BBB03F2C232FB3AF00A3879E /* GenericID */; };
		BBB03F30232FB40400A3879E /* Semver in Frameworks */ = {isa = PBXBuildFile; productRef = BBB03F2F232FB40400A3879E /* Semver */; };
		BBB03F3A2331D8A800A3879E /* OpenCC in Frameworks */ = {isa = PBXBuildFile; productRef = BBB03F392331D8A800A3879E /* OpenCC */; };
		E0E547608AC04099D096F1FC /* LyricsXWidget.appex in Embed Widget Extension */ = {isa = PBXBuildFile; fileRef = 42DEBEEA21FDC62DBC7F5E52 /* LyricsXWidget.appex */; settings = {ATTRIBUTES = (RemoveHeadersOnCopy, ); }; };
		E967A20C2D2AD6DB00982E06 /* LaunchAtLogin in Frameworks */ = {isa = PBXBuildFile; productRef = E967A20B2D2AD6DB00982E06 /* LaunchAtLogin */; };
		E983FA212C85EA6E00170CF7 /* MarqueeLabel in Frameworks */ = {isa = PBXBuildFile; productRef = E983FA202C85EA6E00170CF7 /* MarqueeLabel */; };
		E983FA242C86302200170CF7 /* MarqueeLabel in Frameworks */ = {isa = PBXBuildFile; productRef = E983FA232C86302200170CF7 /* MarqueeLabel */; };
		E9C4E2992AC9A10F004B9EB2 /* MASShortcut in Frameworks */ = {isa = PBXBuildFile; productRef = E9C4E2982AC9A10F004B9EB2 /* MASShortcut */; };
		E9C4E29C2AC9A124004B9EB2 /* SnapKit in Frameworks */ = {isa = PBXBuildFile; productRef = E9C4E29B2AC9A124004B9EB2 /* SnapKit */; };
		E9C4E2A22AC9A3D6004B9EB2 /* SwiftCF in Frameworks */ = {isa = PBXBuildFile; productRef = E9C4E2A12AC9A3D6004B9EB2 /* SwiftCF */; };
		E9C5763D2DEDF539009107B5 /* LyricsXFoundation in Frameworks */ = {isa = PBXBuildFile; productRef = E9C5763C2DEDF539009107B5 /* LyricsXFoundation */; };
		E9C5763F2DEDF539009107B5 /* LyricsXWidgetShared in Frameworks */ = {isa = PBXBuildFile; productRef = E9C5763E2DEDF539009107B5 /* LyricsXWidgetShared */; };
		E9EF0D512D6F5ECD00D45E0F /* UIFoundation in Frameworks */ = {isa = PBXBuildFile; productRef = E9EF0D502D6F5ECD00D45E0F /* UIFoundation */; };
		E9EF0D532D6F5ECD00D45E0F /* UIFoundationToolbox in Frameworks */ = {isa = PBXBuildFile; productRef = E9EF0D522D6F5ECD00D45E0F /* UIFoundationToolbox */; };
		F00DA0010A0A0A0A0A0A0A01 /* MSDisplayLink in Frameworks */ = {isa = PBXBuildFile; productRef = F00DA0030A0A0A0A0A0A0A03 /* MSDisplayLink */; };
/* End PBXBuildFile section */

/* Begin PBXContainerItemProxy section */
		B18ADA507E35EA57184DED3A /* PBXContainerItemProxy */ = {
			isa = PBXContainerItemProxy;
			containerPortal = BB4141A21E458BA800A51775 /* Project object */;
			proxyType = 1;
			remoteGlobalIDString = 1E11AF12B3274D813B724258;
			remoteInfo = LyricsXWidget;
		};
/* End PBXContainerItemProxy section */

/* Begin PBXCopyFilesBuildPhase section */
		241F4F4E706B3117872B3C10 /* Embed Widget Extension */ = {
			isa = PBXCopyFilesBuildPhase;
			buildActionMask = 2147483647;
			dstPath = "";
			dstSubfolderSpec = 13;
			files = (
				E0E547608AC04099D096F1FC /* LyricsXWidget.appex in Embed Widget Extension */,
			);
			name = "Embed Widget Extension";
			runOnlyForDeploymentPostprocessing = 0;
		};
		BB60F3111E889FC000BA1FD2 /* Copy Helper */ = {
			isa = PBXCopyFilesBuildPhase;
			buildActionMask = 2147483647;
			dstPath = Contents/Library/LoginItems;
			dstSubfolderSpec = 1;
			files = (
				BB60F3121E889FCD00BA1FD2 /* LyricsXHelper.app in Copy Helper */,
			);
			name = "Copy Helper";
			runOnlyForDeploymentPostprocessing = 0;
		};
/* End PBXCopyFilesBuildPhase section */

/* Begin PBXFileReference section */
		42DEBEEA21FDC62DBC7F5E52 /* LyricsXWidget.appex */ = {isa = PBXFileReference; explicitFileType = "wrapper.app-extension"; includeInIndex = 0; path = LyricsXWidget.appex; sourceTree = BUILT_PRODUCTS_DIR; };
		BB4141AA1E458BA800A51775 /* LyricsX-Debug.app */ = {isa = PBXFileReference; explicitFileType = wrapper.application; includeInIndex = 0; path = "LyricsX-Debug.app"; sourceTree = BUILT_PRODUCTS_DIR; };
		BB60F3011E889A1B00BA1FD2 /* LyricsXHelper.app */ = {isa = PBXFileReference; explicitFileType = wrapper.application; includeInIndex = 0; path = LyricsXHelper.app; sourceTree = BUILT_PRODUCTS_DIR; };
		E9C00C0100000000000000B1 /* Shared.xcconfig */ = {isa = PBXFileReference; lastKnownFileType = text.xcconfig; path = Shared.xcconfig; sourceTree = "<group>"; };
		E9C00C0100000000000000B2 /* Shared-Debug.xcconfig */ = {isa = PBXFileReference; lastKnownFileType = text.xcconfig; path = "Shared-Debug.xcconfig"; sourceTree = "<group>"; };
		E9C00C0100000000000000B3 /* Shared-Release.xcconfig */ = {isa = PBXFileReference; lastKnownFileType = text.xcconfig; path = "Shared-Release.xcconfig"; sourceTree = "<group>"; };
		E9C00C0100000000000000B4 /* Project-Debug.xcconfig */ = {isa = PBXFileReference; lastKnownFileType = text.xcconfig; path = "Project-Debug.xcconfig"; sourceTree = "<group>"; };
		E9C00C0100000000000000B5 /* Project-Release.xcconfig */ = {isa = PBXFileReference; lastKnownFileType = text.xcconfig; path = "Project-Release.xcconfig"; sourceTree = "<group>"; };
		E9C00C0100000000000000B6 /* LyricsX.xcconfig */ = {isa = PBXFileReference; lastKnownFileType = text.xcconfig; path = LyricsX.xcconfig; sourceTree = "<group>"; };
		E9C00C0100000000000000B7 /* LyricsX-Debug.xcconfig */ = {isa = PBXFileReference; lastKnownFileType = text.xcconfig; path = "LyricsX-Debug.xcconfig"; sourceTree = "<group>"; };
		E9C00C0100000000000000B8 /* LyricsX-Release.xcconfig */ = {isa = PBXFileReference; lastKnownFileType = text.xcconfig; path = "LyricsX-Release.xcconfig"; sourceTree = "<group>"; };
		E9C00C0100000000000000B9 /* LyricsXHelper.xcconfig */ = {isa = PBXFileReference; lastKnownFileType = text.xcconfig; path = LyricsXHelper.xcconfig; sourceTree = "<group>"; };
		E9C00C0100000000000000BA /* LyricsXHelper-Debug.xcconfig */ = {isa = PBXFileReference; lastKnownFileType = text.xcconfig; path = "LyricsXHelper-Debug.xcconfig"; sourceTree = "<group>"; };
		E9C00C0100000000000000BB /* LyricsXHelper-Release.xcconfig */ = {isa = PBXFileReference; lastKnownFileType = text.xcconfig; path = "LyricsXHelper-Release.xcconfig"; sourceTree = "<group>"; };
		E9C00C0100000000000000BC /* LyricsXWidget.xcconfig */ = {isa = PBXFileReference; lastKnownFileType = text.xcconfig; path = LyricsXWidget.xcconfig; sourceTree = "<group>"; };
		E9C00C0100000000000000BD /* LyricsXWidget-Debug.xcconfig */ = {isa = PBXFileReference; lastKnownFileType = text.xcconfig; path = "LyricsXWidget-Debug.xcconfig"; sourceTree = "<group>"; };
		E9C00C0100000000000000BE /* LyricsXWidget-Release.xcconfig */ = {isa = PBXFileReference; lastKnownFileType = text.xcconfig; path = "LyricsXWidget-Release.xcconfig"; sourceTree = "<group>"; };
		E9C5763A2DEDF135009107B5 /* LyricsXPackage */ = {isa = PBXFileReference; lastKnownFileType = wrapper; path = LyricsXPackage; sourceTree = "<group>"; };
/* End PBXFileReference section */

/* Begin PBXFileSystemSynchronizedBuildFileExceptionSet section */
		E9A91BB32FED62D5004BFEEA /* PBXFileSystemSynchronizedBuildFileExceptionSet */ = {
			isa = PBXFileSystemSynchronizedBuildFileExceptionSet;
			membershipExceptions = (
				"Supporting Files/Info.plist",
			);
			target = BB4141A91E458BA800A51775 /* LyricsX */;
		};
		E9A91BB42FED62D5004BFEEA /* PBXFileSystemSynchronizedBuildFileExceptionSet */ = {
			isa = PBXFileSystemSynchronizedBuildFileExceptionSet;
			membershipExceptions = (
				Intents/WidgetPlaybackIntents.swift,
			);
			target = 1E11AF12B3274D813B724258 /* LyricsXWidget */;
		};
		E9A91BC32FED6400004BFEEA /* PBXFileSystemSynchronizedBuildFileExceptionSet */ = {
			isa = PBXFileSystemSynchronizedBuildFileExceptionSet;
			membershipExceptions = (
				"/Localized/Supporting Files/MainMenu.xib",
				AppDelegate.swift,
				"Supporting Files/Assets.xcassets",
			);
			target = BB60F3001E889A1B00BA1FD2 /* LyricsXHelper */;
		};
		E9A91BEA2FED6424004BFEEA /* PBXFileSystemSynchronizedBuildFileExceptionSet */ = {
			isa = PBXFileSystemSynchronizedBuildFileExceptionSet;
			membershipExceptions = (
				"Supporting Files/Info.plist",
			);
			target = 1E11AF12B3274D813B724258 /* LyricsXWidget */;
		};
/* End PBXFileSystemSynchronizedBuildFileExceptionSet section */

/* Begin PBXFileSystemSynchronizedRootGroup section */
		E9A91B6D2FED62D4004BFEEA /* LyricsX */ = {isa = PBXFileSystemSynchronizedRootGroup; exceptions = (E9A91BB32FED62D5004BFEEA /* PBXFileSystemSynchronizedBuildFileExceptionSet */, E9A91BB42FED62D5004BFEEA /* PBXFileSystemSynchronizedBuildFileExceptionSet */, ); explicitFileTypes = {Component/ArtworkSimilarityScorer.swift = sourcecode.swift; }; explicitFolders = (); path = LyricsX; sourceTree = "<group>"; };
		E9A91BBF2FED63FF004BFEEA /* LyricsXHelper */ = {isa = PBXFileSystemSynchronizedRootGroup; exceptions = (E9A91BC32FED6400004BFEEA /* PBXFileSystemSynchronizedBuildFileExceptionSet */, ); explicitFileTypes = {}; explicitFolders = (); path = LyricsXHelper; sourceTree = "<group>"; };
		E9A91BDA2FED6423004BFEEA /* LyricsXWidget */ = {isa = PBXFileSystemSynchronizedRootGroup; exceptions = (E9A91BEA2FED6424004BFEEA /* PBXFileSystemSynchronizedBuildFileExceptionSet */, ); explicitFileTypes = {}; explicitFolders = (); path = LyricsXWidget; sourceTree = "<group>"; };
/* End PBXFileSystemSynchronizedRootGroup section */

/* Begin PBXFrameworksBuildPhase section */
		814E373E54B9F4DBDA72FE88 /* Frameworks */ = {
			isa = PBXFrameworksBuildPhase;
			buildActionMask = 2147483647;
			files = (
				2184C9F27CF97FD28E82B0A8 /* LyricsXWidgetShared in Frameworks */,
			);
			runOnlyForDeploymentPostprocessing = 0;
		};
		BB4141A71E458BA800A51775 /* Frameworks */ = {
			isa = PBXFrameworksBuildPhase;
			buildActionMask = 2147483647;
			files = (
				E9C4E2992AC9A10F004B9EB2 /* MASShortcut in Frameworks */,
				E9EF0D512D6F5ECD00D45E0F /* UIFoundation in Frameworks */,
				E9C4E29C2AC9A124004B9EB2 /* SnapKit in Frameworks */,
				BBA82F0A256AB8620076831F /* Sparkle in Frameworks */,
				E967A20C2D2AD6DB00982E06 /* LaunchAtLogin in Frameworks */,
				BBB03F3A2331D8A800A3879E /* OpenCC in Frameworks */,
				BBB03F30232FB40400A3879E /* Semver in Frameworks */,
				BB6C75E8248B908500804AEB /* TouchBarHelper in Frameworks */,
				E9C4E2A22AC9A3D6004B9EB2 /* SwiftCF in Frameworks */,
				E983FA212C85EA6E00170CF7 /* MarqueeLabel in Frameworks */,
				E983FA242C86302200170CF7 /* MarqueeLabel in Frameworks */,
				E9C5763D2DEDF539009107B5 /* LyricsXFoundation in Frameworks */,
				0AF1A0010B0B0B0B0B0B0B02 /* AppleMusicLyricsPanel in Frameworks */,
				E9C5763F2DEDF539009107B5 /* LyricsXWidgetShared in Frameworks */,
				BBB03F2D232FB3AF00A3879E /* GenericID in Frameworks */,
				E9EF0D532D6F5ECD00D45E0F /* UIFoundationToolbox in Frameworks */,
				0DB25079533538D85D98A968 /* ColorfulX in Frameworks */,
				F00DA0010A0A0A0A0A0A0A01 /* MSDisplayLink in Frameworks */,
			);
			runOnlyForDeploymentPostprocessing = 0;
		};
		BB60F2FE1E889A1B00BA1FD2 /* Frameworks */ = {
			isa = PBXFrameworksBuildPhase;
			buildActionMask = 2147483647;
			files = (
			);
			runOnlyForDeploymentPostprocessing = 0;
		};
/* End PBXFrameworksBuildPhase section */

/* Begin PBXGroup section */
		BB4141A11E458BA800A51775 = {
			isa = PBXGroup;
			children = (
				E9C00C0100000000000000A1 /* Config */,
				E9C5763A2DEDF135009107B5 /* LyricsXPackage */,
				E9A91B6D2FED62D4004BFEEA /* LyricsX */,
				E9A91BBF2FED63FF004BFEEA /* LyricsXHelper */,
				E9A91BDA2FED6423004BFEEA /* LyricsXWidget */,
				BB4141AB1E458BA800A51775 /* Products */,
			);
			sourceTree = "<group>";
		};
		BB4141AB1E458BA800A51775 /* Products */ = {
			isa = PBXGroup;
			children = (
				BB4141AA1E458BA800A51775 /* LyricsX-Debug.app */,
				BB60F3011E889A1B00BA1FD2 /* LyricsXHelper.app */,
				42DEBEEA21FDC62DBC7F5E52 /* LyricsXWidget.appex */,
			);
			name = Products;
			sourceTree = "<group>";
		};
		E9C00C0100000000000000A1 /* Config */ = {
			isa = PBXGroup;
			children = (
				E9C00C0100000000000000B1 /* Shared.xcconfig */,
				E9C00C0100000000000000B2 /* Shared-Debug.xcconfig */,
				E9C00C0100000000000000B3 /* Shared-Release.xcconfig */,
				E9C00C0100000000000000B4 /* Project-Debug.xcconfig */,
				E9C00C0100000000000000B5 /* Project-Release.xcconfig */,
				E9C00C0100000000000000A2 /* LyricsX */,
				E9C00C0100000000000000A3 /* LyricsXHelper */,
				E9C00C0100000000000000A4 /* LyricsXWidget */,
			);
			path = Config;
			sourceTree = "<group>";
		};
		E9C00C0100000000000000A2 /* LyricsX */ = {
			isa = PBXGroup;
			children = (
				E9C00C0100000000000000B6 /* LyricsX.xcconfig */,
				E9C00C0100000000000000B7 /* LyricsX-Debug.xcconfig */,
				E9C00C0100000000000000B8 /* LyricsX-Release.xcconfig */,
			);
			path = LyricsX;
			sourceTree = "<group>";
		};
		E9C00C0100000000000000A3 /* LyricsXHelper */ = {
			isa = PBXGroup;
			children = (
				E9C00C0100000000000000B9 /* LyricsXHelper.xcconfig */,
				E9C00C0100000000000000BA /* LyricsXHelper-Debug.xcconfig */,
				E9C00C0100000000000000BB /* LyricsXHelper-Release.xcconfig */,
			);
			path = LyricsXHelper;
			sourceTree = "<group>";
		};
		E9C00C0100000000000000A4 /* LyricsXWidget */ = {
			isa = PBXGroup;
			children = (
				E9C00C0100000000000000BC /* LyricsXWidget.xcconfig */,
				E9C00C0100000000000000BD /* LyricsXWidget-Debug.xcconfig */,
				E9C00C0100000000000000BE /* LyricsXWidget-Release.xcconfig */,
			);
			path = LyricsXWidget;
			sourceTree = "<group>";
		};
/* End PBXGroup section */

/* Begin PBXNativeTarget section */
		1E11AF12B3274D813B724258 /* LyricsXWidget */ = {
			isa = PBXNativeTarget;
			buildConfigurationList = DA2C3CFAC3E8DE1F62E97F3F /* Build configuration list for PBXNativeTarget "LyricsXWidget" */;
			buildPhases = (
				8EA1D29A6F2DCE116DFAF30F /* Sources */,
				814E373E54B9F4DBDA72FE88 /* Frameworks */,
				C64F274D2F9EBBB961297E29 /* Resources */,
			);
			buildRules = (
			);
			dependencies = (
			);
			fileSystemSynchronizedGroups = (
				E9A91BDA2FED6423004BFEEA /* LyricsXWidget */,
			);
			name = LyricsXWidget;
			packageProductDependencies = (
				753562E8D796EC165DEE2DEE /* LyricsXWidgetShared */,
			);
			productName = LyricsXWidget;
			productReference = 42DEBEEA21FDC62DBC7F5E52 /* LyricsXWidget.appex */;
			productType = "com.apple.product-type.app-extension";
		};
		BB4141A91E458BA800A51775 /* LyricsX */ = {
			isa = PBXNativeTarget;
			buildConfigurationList = BB4141B91E458BA900A51775 /* Build configuration list for PBXNativeTarget "LyricsX" */;
			buildPhases = (
				BB4141A61E458BA800A51775 /* Sources */,
				BB4141A71E458BA800A51775 /* Frameworks */,
				BB4141A81E458BA800A51775 /* Resources */,
				BB60F3111E889FC000BA1FD2 /* Copy Helper */,
				241F4F4E706B3117872B3C10 /* Embed Widget Extension */,
				E967A20D2D2AD6F800982E06 /* Copy “Launch at Login Helper” */,
			);
			buildRules = (
			);
			dependencies = (
				24218B85C75FA78B1ADECC29 /* PBXTargetDependency */,
			);
			fileSystemSynchronizedGroups = (
				E9A91B6D2FED62D4004BFEEA /* LyricsX */,
			);
			name = LyricsX;
			packageProductDependencies = (
				BBB03F2C232FB3AF00A3879E /* GenericID */,
				BBB03F2F232FB40400A3879E /* Semver */,
				BBB03F392331D8A800A3879E /* OpenCC */,
				BB6C75E7248B908500804AEB /* TouchBarHelper */,
				BBA82F09256AB8620076831F /* Sparkle */,
				E9C4E2982AC9A10F004B9EB2 /* MASShortcut */,
				E9C4E29B2AC9A124004B9EB2 /* SnapKit */,
				E9C4E2A12AC9A3D6004B9EB2 /* SwiftCF */,
				E983FA202C85EA6E00170CF7 /* MarqueeLabel */,
				E983FA232C86302200170CF7 /* MarqueeLabel */,
				E967A20B2D2AD6DB00982E06 /* LaunchAtLogin */,
				E9EF0D502D6F5ECD00D45E0F /* UIFoundation */,
				E9EF0D522D6F5ECD00D45E0F /* UIFoundationToolbox */,
				E9C5763C2DEDF539009107B5 /* LyricsXFoundation */,
				0AF1A0010B0B0B0B0B0B0B01 /* AppleMusicLyricsPanel */,
				E9C5763E2DEDF539009107B5 /* LyricsXWidgetShared */,
				E5E613E102B0FC5E5F71472F /* ColorfulX */,
				F00DA0030A0A0A0A0A0A0A03 /* MSDisplayLink */,
			);
			productName = LyricsX;
			productReference = BB4141AA1E458BA800A51775 /* LyricsX-Debug.app */;
			productType = "com.apple.product-type.application";
		};
		BB60F3001E889A1B00BA1FD2 /* LyricsXHelper */ = {
			isa = PBXNativeTarget;
			buildConfigurationList = BB60F30B1E889A1C00BA1FD2 /* Build configuration list for PBXNativeTarget "LyricsXHelper" */;
			buildPhases = (
				BB60F2FD1E889A1B00BA1FD2 /* Sources */,
				BB60F2FE1E889A1B00BA1FD2 /* Frameworks */,
				BB60F2FF1E889A1B00BA1FD2 /* Resources */,
			);
			buildRules = (
			);
			dependencies = (
			);
			name = LyricsXHelper;
			productName = LyricsXHelper;
			productReference = BB60F3011E889A1B00BA1FD2 /* LyricsXHelper.app */;
			productType = "com.apple.product-type.application";
		};
/* End PBXNativeTarget section */

/* Begin PBXProject section */
		BB4141A21E458BA800A51775 /* Project object */ = {
			isa = PBXProject;
			attributes = {
				BuildIndependentTargetsInParallel = YES;
				LastSwiftUpdateCheck = 0820;
				LastUpgradeCheck = 2650;
				ORGANIZATIONNAME = ddddxxx;
				TargetAttributes = {
					1E11AF12B3274D813B724258 = {
						CreatedOnToolsVersion = 15.0;
						ProvisioningStyle = Automatic;
						SystemCapabilities = {
							com.apple.ApplicationGroups.Mac = {
								enabled = 1;
							};
							com.apple.HardenedRuntime = {
								enabled = 1;
							};
							com.apple.Sandbox = {
								enabled = 1;
							};
						};
					};
					BB4141A91E458BA800A51775 = {
						CreatedOnToolsVersion = 8.2.1;
						LastSwiftMigration = 1020;
						SystemCapabilities = {
							com.apple.ApplicationGroups.Mac = {
								enabled = 1;
							};
							com.apple.HardenedRuntime = {
								enabled = 1;
							};
							com.apple.Sandbox = {
								enabled = 1;
							};
						};
					};
					BB60F3001E889A1B00BA1FD2 = {
						CreatedOnToolsVersion = 8.2.1;
						LastSwiftMigration = 1020;
						ProvisioningStyle = Automatic;
						SystemCapabilities = {
							com.apple.ApplicationGroups.Mac = {
								enabled = 1;
							};
							com.apple.HardenedRuntime = {
								enabled = 1;
							};
							com.apple.Sandbox = {
								enabled = 1;
							};
						};
					};
				};
			};
			buildConfigurationList = BB4141A51E458BA800A51775 /* Build configuration list for PBXProject "LyricsX" */;
			developmentRegion = en;
			hasScannedForEncodings = 0;
			knownRegions = (
				en,
				Base,
				"zh-Hans",
				ja,
				pl,
				de,
				fa,
				fr,
				"zh-Hant",
				ar,
				es,
				ko,
				pt,
				ru,
				uk,
				nl,
				it,
				id,
			);
			mainGroup = BB4141A11E458BA800A51775;
			packageReferences = (
				BBB03F2B232FB3AF00A3879E /* XCRemoteSwiftPackageReference "GenericID" */,
				BBB03F2E232FB40400A3879E /* XCRemoteSwiftPackageReference "Semver" */,
				BBB03F382331D8A800A3879E /* XCRemoteSwiftPackageReference "SwiftyOpenCC" */,
				BB6C75E6248B908500804AEB /* XCRemoteSwiftPackageReference "TouchBarHelper" */,
				BBA82F08256AB8620076831F /* XCRemoteSwiftPackageReference "Sparkle" */,
				E9C4E2972AC9A10F004B9EB2 /* XCRemoteSwiftPackageReference "MASShortcut" */,
				E9C4E29A2AC9A124004B9EB2 /* XCRemoteSwiftPackageReference "SnapKit" */,
				E9C4E2A02AC9A3D6004B9EB2 /* XCRemoteSwiftPackageReference "SwiftCF" */,
				E983FA222C86302200170CF7 /* XCRemoteSwiftPackageReference "MarqueeLabel" */,
				E967A20A2D2AD6DB00982E06 /* XCRemoteSwiftPackageReference "LaunchAtLogin-Legacy" */,
				E9EF0D4F2D6F5ECD00D45E0F /* XCRemoteSwiftPackageReference "UIFoundation" */,
				802D765F5C210DF8C3D1820E /* XCRemoteSwiftPackageReference "ColorfulX" */,
				F00DA0020A0A0A0A0A0A0A02 /* XCRemoteSwiftPackageReference "MSDisplayLink" */,
			);
			preferredProjectObjectVersion = 54;
			productRefGroup = BB4141AB1E458BA800A51775 /* Products */;
			projectDirPath = "";
			projectRoot = "";
			targets = (
				BB4141A91E458BA800A51775 /* LyricsX */,
				BB60F3001E889A1B00BA1FD2 /* LyricsXHelper */,
				1E11AF12B3274D813B724258 /* LyricsXWidget */,
			);
		};
/* End PBXProject section */

/* Begin PBXResourcesBuildPhase section */
		BB4141A81E458BA800A51775 /* Resources */ = {
			isa = PBXResourcesBuildPhase;
			buildActionMask = 2147483647;
			files = (
			);
			runOnlyForDeploymentPostprocessing = 0;
		};
		BB60F2FF1E889A1B00BA1FD2 /* Resources */ = {
			isa = PBXResourcesBuildPhase;
			buildActionMask = 2147483647;
			files = (
			);
			runOnlyForDeploymentPostprocessing = 0;
		};
		C64F274D2F9EBBB961297E29 /* Resources */ = {
			isa = PBXResourcesBuildPhase;
			buildActionMask = 2147483647;
			files = (
			);
			runOnlyForDeploymentPostprocessing = 0;
		};
/* End PBXResourcesBuildPhase section */

/* Begin PBXShellScriptBuildPhase section */
		E967A20D2D2AD6F800982E06 /* Copy “Launch at Login Helper” */ = {
			isa = PBXShellScriptBuildPhase;
			alwaysOutOfDate = 1;
			buildActionMask = 2147483647;
			files = (
			);
			inputFileListPaths = (
			);
			inputPaths = (
			);
			name = "Copy “Launch at Login Helper”";
			outputFileListPaths = (
			);
			outputPaths = (
			);
			runOnlyForDeploymentPostprocessing = 0;
			shellPath = /bin/sh;
			shellScript = "\"${BUILT_PRODUCTS_DIR}/LaunchAtLogin_LaunchAtLogin.bundle/Contents/Resources/copy-helper-swiftpm.sh\"\n";
		};
/* End PBXShellScriptBuildPhase section */

/* Begin PBXSourcesBuildPhase section */
		8EA1D29A6F2DCE116DFAF30F /* Sources */ = {
			isa = PBXSourcesBuildPhase;
			buildActionMask = 2147483647;
			files = (
			);
			runOnlyForDeploymentPostprocessing = 0;
		};
		BB4141A61E458BA800A51775 /* Sources */ = {
			isa = PBXSourcesBuildPhase;
			buildActionMask = 2147483647;
			files = (
			);
			runOnlyForDeploymentPostprocessing = 0;
		};
		BB60F2FD1E889A1B00BA1FD2 /* Sources */ = {
			isa = PBXSourcesBuildPhase;
			buildActionMask = 2147483647;
			files = (
			);
			runOnlyForDeploymentPostprocessing = 0;
		};
/* End PBXSourcesBuildPhase section */

/* Begin PBXTargetDependency section */
		24218B85C75FA78B1ADECC29 /* PBXTargetDependency */ = {
			isa = PBXTargetDependency;
			target = 1E11AF12B3274D813B724258 /* LyricsXWidget */;
			targetProxy = B18ADA507E35EA57184DED3A /* PBXContainerItemProxy */;
		};
/* End PBXTargetDependency section */

/* Begin XCBuildConfiguration section */
		160373E16CDDEA775B47C84C /* Release */ = {
			isa = XCBuildConfiguration;
			baseConfigurationReference = E9C00C0100000000000000BE /* LyricsXWidget-Release.xcconfig */;
			buildSettings = {
			};
			name = Release;
		};
		36F95C6F463C7E023699EF0C /* Debug */ = {
			isa = XCBuildConfiguration;
			baseConfigurationReference = E9C00C0100000000000000BD /* LyricsXWidget-Debug.xcconfig */;
			buildSettings = {
			};
			name = Debug;
		};
		BB4141B71E458BA900A51775 /* Debug */ = {
			isa = XCBuildConfiguration;
			baseConfigurationReference = E9C00C0100000000000000B4 /* Project-Debug.xcconfig */;
			buildSettings = {
				DEVELOPMENT_TEAM = D5Q73692VW;
			};
			name = Debug;
		};
		BB4141B81E458BA900A51775 /* Release */ = {
			isa = XCBuildConfiguration;
			baseConfigurationReference = E9C00C0100000000000000B5 /* Project-Release.xcconfig */;
			buildSettings = {
				DEVELOPMENT_TEAM = D5Q73692VW;
			};
			name = Release;
		};
		BB4141BA1E458BA900A51775 /* Debug */ = {
			isa = XCBuildConfiguration;
			baseConfigurationReference = E9C00C0100000000000000B7 /* LyricsX-Debug.xcconfig */;
			buildSettings = {
			};
			name = Debug;
		};
		BB4141BB1E458BA900A51775 /* Release */ = {
			isa = XCBuildConfiguration;
			baseConfigurationReference = E9C00C0100000000000000B8 /* LyricsX-Release.xcconfig */;
			buildSettings = {
			};
			name = Release;
		};
		BB60F30C1E889A1C00BA1FD2 /* Debug */ = {
			isa = XCBuildConfiguration;
			baseConfigurationReference = E9C00C0100000000000000BA /* LyricsXHelper-Debug.xcconfig */;
			buildSettings = {
			};
			name = Debug;
		};
		BB60F30D1E889A1C00BA1FD2 /* Release */ = {
			isa = XCBuildConfiguration;
			baseConfigurationReference = E9C00C0100000000000000BB /* LyricsXHelper-Release.xcconfig */;
			buildSettings = {
			};
			name = Release;
		};
/* End XCBuildConfiguration section */

/* Begin XCConfigurationList section */
		BB4141A51E458BA800A51775 /* Build configuration list for PBXProject "LyricsX" */ = {
			isa = XCConfigurationList;
			buildConfigurations = (
				BB4141B71E458BA900A51775 /* Debug */,
				BB4141B81E458BA900A51775 /* Release */,
			);
			defaultConfigurationIsVisible = 0;
			defaultConfigurationName = Release;
		};
		BB4141B91E458BA900A51775 /* Build configuration list for PBXNativeTarget "LyricsX" */ = {
			isa = XCConfigurationList;
			buildConfigurations = (
				BB4141BA1E458BA900A51775 /* Debug */,
				BB4141BB1E458BA900A51775 /* Release */,
			);
			defaultConfigurationIsVisible = 0;
			defaultConfigurationName = Release;
		};
		BB60F30B1E889A1C00BA1FD2 /* Build configuration list for PBXNativeTarget "LyricsXHelper" */ = {
			isa = XCConfigurationList;
			buildConfigurations = (
				BB60F30C1E889A1C00BA1FD2 /* Debug */,
				BB60F30D1E889A1C00BA1FD2 /* Release */,
			);
			defaultConfigurationIsVisible = 0;
			defaultConfigurationName = Release;
		};
		DA2C3CFAC3E8DE1F62E97F3F /* Build configuration list for PBXNativeTarget "LyricsXWidget" */ = {
			isa = XCConfigurationList;
			buildConfigurations = (
				36F95C6F463C7E023699EF0C /* Debug */,
				160373E16CDDEA775B47C84C /* Release */,
			);
			defaultConfigurationIsVisible = 0;
			defaultConfigurationName = Release;
		};
/* End XCConfigurationList section */

/* Begin XCRemoteSwiftPackageReference section */
		802D765F5C210DF8C3D1820E /* XCRemoteSwiftPackageReference "ColorfulX" */ = {
			isa = XCRemoteSwiftPackageReference;
			repositoryURL = "https://github.com/Lakr233/ColorfulX";
			requirement = {
				kind = upToNextMajorVersion;
				minimumVersion = 6.1.0;
			};
		};
		BB6C75E6248B908500804AEB /* XCRemoteSwiftPackageReference "TouchBarHelper" */ = {
			isa = XCRemoteSwiftPackageReference;
			repositoryURL = "https://github.com/ddddxxx/TouchBarHelper";
			requirement = {
				kind = upToNextMinorVersion;
				minimumVersion = 0.1.0;
			};
		};
		BBA82F08256AB8620076831F /* XCRemoteSwiftPackageReference "Sparkle" */ = {
			isa = XCRemoteSwiftPackageReference;
			repositoryURL = "https://github.com/sparkle-project/Sparkle";
			requirement = {
				kind = upToNextMajorVersion;
				minimumVersion = 2.0.0;
			};
		};
		BBB03F2B232FB3AF00A3879E /* XCRemoteSwiftPackageReference "GenericID" */ = {
			isa = XCRemoteSwiftPackageReference;
			repositoryURL = "https://github.com/MxIris-LyricsX-Project/GenericID";
			requirement = {
				kind = upToNextMajorVersion;
				minimumVersion = 1.8.0;
			};
		};
		BBB03F2E232FB40400A3879E /* XCRemoteSwiftPackageReference "Semver" */ = {
			isa = XCRemoteSwiftPackageReference;
			repositoryURL = "https://github.com/ddddxxx/Semver";
			requirement = {
				kind = upToNextMinorVersion;
				minimumVersion = 0.2.0;
			};
		};
		BBB03F382331D8A800A3879E /* XCRemoteSwiftPackageReference "SwiftyOpenCC" */ = {
			isa = XCRemoteSwiftPackageReference;
			repositoryURL = "https://github.com/ddddxxx/SwiftyOpenCC";
			requirement = {
				branch = "v2.0.0-beta";
				kind = branch;
			};
		};
		E967A20A2D2AD6DB00982E06 /* XCRemoteSwiftPackageReference "LaunchAtLogin-Legacy" */ = {
			isa = XCRemoteSwiftPackageReference;
			repositoryURL = "https://github.com/sindresorhus/LaunchAtLogin-Legacy";
			requirement = {
				kind = upToNextMajorVersion;
				minimumVersion = 5.0.0;
			};
		};
		E983FA222C86302200170CF7 /* XCRemoteSwiftPackageReference "MarqueeLabel" */ = {
			isa = XCRemoteSwiftPackageReference;
			repositoryURL = "https://github.com/MxIris-LyricsX-Project/MarqueeLabel";
			requirement = {
				kind = upToNextMajorVersion;
				minimumVersion = 0.1.0;
			};
		};
		E9C4E2972AC9A10F004B9EB2 /* XCRemoteSwiftPackageReference "MASShortcut" */ = {
			isa = XCRemoteSwiftPackageReference;
			repositoryURL = "https://github.com/shpakovski/MASShortcut";
			requirement = {
				branch = master;
				kind = branch;
			};
		};
		E9C4E29A2AC9A124004B9EB2 /* XCRemoteSwiftPackageReference "SnapKit" */ = {
			isa = XCRemoteSwiftPackageReference;
			repositoryURL = "https://github.com/SnapKit/SnapKit";
			requirement = {
				kind = upToNextMajorVersion;
				minimumVersion = 5.6.0;
			};
		};
		E9C4E2A02AC9A3D6004B9EB2 /* XCRemoteSwiftPackageReference "SwiftCF" */ = {
			isa = XCRemoteSwiftPackageReference;
			repositoryURL = "https://github.com/MxIris-Library-Forks/SwiftCF";
			requirement = {
				kind = upToNextMajorVersion;
				minimumVersion = 0.2.2;
			};
		};
		E9EF0D4F2D6F5ECD00D45E0F /* XCRemoteSwiftPackageReference "UIFoundation" */ = {
			isa = XCRemoteSwiftPackageReference;
			repositoryURL = "https://github.com/Mx-Iris/UIFoundation";
			requirement = {
				kind = upToNextMajorVersion;
				minimumVersion = 0.9.0;
			};
			traits = (
			);
		};
		F00DA0020A0A0A0A0A0A0A02 /* XCRemoteSwiftPackageReference "MSDisplayLink" */ = {
			isa = XCRemoteSwiftPackageReference;
			repositoryURL = "https://github.com/Lakr233/MSDisplayLink";
			requirement = {
				kind = upToNextMajorVersion;
				minimumVersion = 2.0.0;
			};
		};
/* End XCRemoteSwiftPackageReference section */

/* Begin XCSwiftPackageProductDependency section */
		0AF1A0010B0B0B0B0B0B0B01 /* AppleMusicLyricsPanel */ = {
			isa = XCSwiftPackageProductDependency;
			productName = AppleMusicLyricsPanel;
		};
		753562E8D796EC165DEE2DEE /* LyricsXWidgetShared */ = {
			isa = XCSwiftPackageProductDependency;
			productName = LyricsXWidgetShared;
		};
		BB6C75E7248B908500804AEB /* TouchBarHelper */ = {
			isa = XCSwiftPackageProductDependency;
			package = BB6C75E6248B908500804AEB /* XCRemoteSwiftPackageReference "TouchBarHelper" */;
			productName = TouchBarHelper;
		};
		BBA82F09256AB8620076831F /* Sparkle */ = {
			isa = XCSwiftPackageProductDependency;
			package = BBA82F08256AB8620076831F /* XCRemoteSwiftPackageReference "Sparkle" */;
			productName = Sparkle;
		};
		BBB03F2C232FB3AF00A3879E /* GenericID */ = {
			isa = XCSwiftPackageProductDependency;
			package = BBB03F2B232FB3AF00A3879E /* XCRemoteSwiftPackageReference "GenericID" */;
			productName = GenericID;
		};
		BBB03F2F232FB40400A3879E /* Semver */ = {
			isa = XCSwiftPackageProductDependency;
			package = BBB03F2E232FB40400A3879E /* XCRemoteSwiftPackageReference "Semver" */;
			productName = Semver;
		};
		BBB03F392331D8A800A3879E /* OpenCC */ = {
			isa = XCSwiftPackageProductDependency;
			package = BBB03F382331D8A800A3879E /* XCRemoteSwiftPackageReference "SwiftyOpenCC" */;
			productName = OpenCC;
		};
		E5E613E102B0FC5E5F71472F /* ColorfulX */ = {
			isa = XCSwiftPackageProductDependency;
			package = 802D765F5C210DF8C3D1820E /* XCRemoteSwiftPackageReference "ColorfulX" */;
			productName = ColorfulX;
		};
		E967A20B2D2AD6DB00982E06 /* LaunchAtLogin */ = {
			isa = XCSwiftPackageProductDependency;
			package = E967A20A2D2AD6DB00982E06 /* XCRemoteSwiftPackageReference "LaunchAtLogin-Legacy" */;
			productName = LaunchAtLogin;
		};
		E983FA202C85EA6E00170CF7 /* MarqueeLabel */ = {
			isa = XCSwiftPackageProductDependency;
			productName = MarqueeLabel;
		};
		E983FA232C86302200170CF7 /* MarqueeLabel */ = {
			isa = XCSwiftPackageProductDependency;
			package = E983FA222C86302200170CF7 /* XCRemoteSwiftPackageReference "MarqueeLabel" */;
			productName = MarqueeLabel;
		};
		E9C4E2982AC9A10F004B9EB2 /* MASShortcut */ = {
			isa = XCSwiftPackageProductDependency;
			package = E9C4E2972AC9A10F004B9EB2 /* XCRemoteSwiftPackageReference "MASShortcut" */;
			productName = MASShortcut;
		};
		E9C4E29B2AC9A124004B9EB2 /* SnapKit */ = {
			isa = XCSwiftPackageProductDependency;
			package = E9C4E29A2AC9A124004B9EB2 /* XCRemoteSwiftPackageReference "SnapKit" */;
			productName = SnapKit;
		};
		E9C4E2A12AC9A3D6004B9EB2 /* SwiftCF */ = {
			isa = XCSwiftPackageProductDependency;
			package = E9C4E2A02AC9A3D6004B9EB2 /* XCRemoteSwiftPackageReference "SwiftCF" */;
			productName = SwiftCF;
		};
		E9C5763C2DEDF539009107B5 /* LyricsXFoundation */ = {
			isa = XCSwiftPackageProductDependency;
			productName = LyricsXFoundation;
		};
		E9C5763E2DEDF539009107B5 /* LyricsXWidgetShared */ = {
			isa = XCSwiftPackageProductDependency;
			productName = LyricsXWidgetShared;
		};
		E9EF0D502D6F5ECD00D45E0F /* UIFoundation */ = {
			isa = XCSwiftPackageProductDependency;
			package = E9EF0D4F2D6F5ECD00D45E0F /* XCRemoteSwiftPackageReference "UIFoundation" */;
			productName = UIFoundation;
		};
		E9EF0D522D6F5ECD00D45E0F /* UIFoundationToolbox */ = {
			isa = XCSwiftPackageProductDependency;
			package = E9EF0D4F2D6F5ECD00D45E0F /* XCRemoteSwiftPackageReference "UIFoundation" */;
			productName = UIFoundationToolbox;
		};
		F00DA0030A0A0A0A0A0A0A03 /* MSDisplayLink */ = {
			isa = XCSwiftPackageProductDependency;
			package = F00DA0020A0A0A0A0A0A0A02 /* XCRemoteSwiftPackageReference "MSDisplayLink" */;
			productName = MSDisplayLink;
		};
/* End XCSwiftPackageProductDependency section */
	};
	rootObject = BB4141A21E458BA800A51775 /* Project object */;
}
